Microsoft Visual Studio Solution File, Format Version 12.00
# Visual Studio Version 17
VisualStudioVersion = 17.5.2.0
MinimumVisualStudioVersion = 10.0.40219.1
Project("{FAE04EC0-301F-11D3-BF4B-00C04F79EFBC}") = "consultancysolution", "consultancysolution.csproj", "{7AE26D17-0B95-C8B2-9FEF-991E5386DCE8}"
EndProject
Global
	GlobalSection(SolutionConfigurationPlatforms) = preSolution
		Debug|Any CPU = Debug|Any CPU
		Release|Any CPU = Release|Any CPU
	EndGlobalSection
	GlobalSection(ProjectConfigurationPlatforms) = postSolution
		{7AE26D17-0B95-C8B2-9FEF-991E5386DCE8}.Debug|Any CPU.ActiveCfg = Debug|Any CPU
		{7AE26D17-0B95-C8B2-9FEF-991E5386DCE8}.Debug|Any CPU.Build.0 = Debug|Any CPU
		{7AE26D17-0B95-C8B2-9FEF-991E5386DCE8}.Release|Any CPU.ActiveCfg = Release|Any CPU
		{7AE26D17-0B95-C8B2-9FEF-991E5386DCE8}.Release|Any CPU.Build.0 = Release|Any CPU
	EndGlobalSection
	GlobalSection(SolutionProperties) = preSolution
		HideSolutionNode = FALSE
	EndGlobalSection
	GlobalSection(ExtensibilityGlobals) = postSolution
		SolutionGuid = {B75898D9-664C-4C20-8F04-52F8F6C74191}
	EndGlobalSection
EndGlobal
